
Microsoft Visual Studio Solution File, Format Version 12.00
# Visual Studio 15
VisualStudioVersion = 15.0.28307.136
MinimumVisualStudioVersion = 10.0.40219.1
Project("{FAE04EC0-301F-11D3-BF4B-00C04F79EFBC}") = "BeadleSchool.Android", "BeadleSchool\BeadleSchool.Android\BeadleSchool.Android.csproj", "{78D853B9-A464-4F3D-8004-51DCA0BE8D8C}"
EndProject
Project("{FAE04EC0-301F-11D3-BF4B-00C04F79EFBC}") = "BeadleSchool.iOS", "BeadleSchool\BeadleSchool.iOS\BeadleSchool.iOS.csproj", "{7B785C76-9643-44B3-B923-E873E717521C}"
EndProject
Project("{FAE04EC0-301F-11D3-BF4B-00C04F79EFBC}") = "BeadleSchool", "BeadleSchool\BeadleSchool\BeadleSchool.csproj", "{1691A435-F8C1-4B7E-B9E2-3D5D96B6B56C}"
EndProject
Global
	GlobalSection(SolutionConfigurationPlatforms) = preSolution
		Ad-Hoc|Any CPU = Ad-Hoc|Any CPU
		Ad-Hoc|iPhone = Ad-Hoc|iPhone
		Ad-Hoc|iPhoneSimulator = Ad-Hoc|iPhoneSimulator
		AppStore|Any CPU = AppStore|Any CPU
		AppStore|iPhone = AppStore|iPhone
		AppStore|iPhoneSimulator = AppStore|iPhoneSimulator
		Debug|Any CPU = Debug|Any CPU
		Debug|iPhone = Debug|iPhone
		Debug|iPhoneSimulator = Debug|iPhoneSimulator
		Release|Any CPU = Release|Any CPU
		Release|iPhone = Release|iPhone
		Release|iPhoneSimulator = Release|iPhoneSimulator
	EndGlobalSection
	GlobalSection(ProjectConfigurationPlatforms) = postSolution
		{78D853B9-A464-4F3D-8004-51DCA0BE8D8C}.Ad-Hoc|Any CPU.ActiveCfg = Release|Any CPU
		{78D853B9-A464-4F3D-8004-51DCA0BE8D8C}.Ad-Hoc|Any CPU.Build.0 = Release|Any CPU
		{78D853B9-A464-4F3D-8004-51DCA0BE8D8C}.Ad-Hoc|Any CPU.Deploy.0 = Release|Any CPU
		{78D853B9-A464-4F3D-8004-51DCA0BE8D8C}.Ad-Hoc|iPhone.ActiveCfg = Release|Any CPU
		{78D853B9-A464-4F3D-8004-51DCA0BE8D8C}.Ad-Hoc|iPhone.Build.0 = Release|Any CPU
		{78D853B9-A464-4F3D-8004-51DCA0BE8D8C}.Ad-Hoc|iPhone.Deploy.0 = Release|Any CPU
		{78D853B9-A464-4F3D-8004-51DCA0BE8D8C}.Ad-Hoc|iPhoneSimulator.ActiveCfg = Release|Any CPU
		{78D853B9-A464-4F3D-8004-51DCA0BE8D8C}.Ad-Hoc|iPhoneSimulator.Build.0 = Release|Any CPU
		{78D853B9-A464-4F3D-8004-51DCA0BE8D8C}.Ad-Hoc|iPhoneSimulator.Deploy.0 = Release|Any CPU
		{78D853B9-A464-4F3D-8004-51DCA0BE8D8C}.AppStore|Any CPU.ActiveCfg = Release|Any CPU
		{78D853B9-A464-4F3D-8004-51DCA0BE8D8C}.AppStore|Any CPU.Build.0 = Release|Any CPU
		{78D853B9-A464-4F3D-8004-51DCA0BE8D8C}.AppStore|Any CPU.Deploy.0 = Release|Any CPU
		{78D853B9-A464-4F3D-8004-51DCA0BE8D8C}.AppStore|iPhone.ActiveCfg = Release|Any CPU
		{78D853B9-A464-4F3D-8004-51DCA0BE8D8C}.AppStore|iPhone.Build.0 = Release|Any CPU
		{78D853B9-A464-4F3D-8004-51DCA0BE8D8C}.AppStore|iPhone.Deploy.0 = Release|Any CPU
		{78D853B9-A464-4F3D-8004-51DCA0BE8D8C}.AppStore|iPhoneSimulator.ActiveCfg = Release|Any CPU
		{78D853B9-A464-4F3D-8004-51DCA0BE8D8C}.AppStore|iPhoneSimulator.Build.0 = Release|Any CPU
		{78D853B9-A464-4F3D-8004-51DCA0BE8D8C}.AppStore|iPhoneSimulator.Deploy.0 = Release|Any CPU
		{78D853B9-A464-4F3D-8004-51DCA0BE8D8C}.Debug|Any CPU.ActiveCfg = Debug|Any CPU
		{78D853B9-A464-4F3D-8004-51DCA0BE8D8C}.Debug|Any CPU.Build.0 = Debug|Any CPU
		{78D853B9-A464-4F3D-8004-51DCA0BE8D8C}.Debug|Any CPU.Deploy.0 = Debug|Any CPU
		{78D853B9-A464-4F3D-8004-51DCA0BE8D8C}.Debug|iPhone.ActiveCfg = Debug|Any CPU
		{78D853B9-A464-4F3D-8004-51DCA0BE8D8C}.Debug|iPhone.Build.0 = Debug|Any CPU
		{78D853B9-A464-4F3D-8004-51DCA0BE8D8C}.Debug|iPhone.Deploy.0 = Debug|Any CPU
		{78D853B9-A464-4F3D-8004-51DCA0BE8D8C}.Debug|iPhoneSimulator.ActiveCfg = Debug|Any CPU
		{78D853B9-A464-4F3D-8004-51DCA0BE8D8C}.Debug|iPhoneSimulator.Build.0 = Debug|Any CPU
		{78D853B9-A464-4F3D-8004-51DCA0BE8D8C}.Debug|iPhoneSimulator.Deploy.0 = Debug|Any CPU
		{78D853B9-A464-4F3D-8004-51DCA0BE8D8C}.Release|Any CPU.ActiveCfg = Release|Any CPU
		{78D853B9-A464-4F3D-8004-51DCA0BE8D8C}.Release|Any CPU.Build.0 = Release|Any CPU
		{78D853B9-A464-4F3D-8004-51DCA0BE8D8C}.Release|Any CPU.Deploy.0 = Release|Any CPU
		{78D853B9-A464-4F3D-8004-51DCA0BE8D8C}.Release|iPhone.ActiveCfg = Release|Any CPU
		{78D853B9-A464-4F3D-8004-51DCA0BE8D8C}.Release|iPhone.Build.0 = Release|Any CPU
		{78D853B9-A464-4F3D-8004-51DCA0BE8D8C}.Release|iPhone.Deploy.0 = Release|Any CPU
		{78D853B9-A464-4F3D-8004-51DCA0BE8D8C}.Release|iPhoneSimulator.ActiveCfg = Release|Any CPU
		{78D853B9-A464-4F3D-8004-51DCA0BE8D8C}.Release|iPhoneSimulator.Build.0 = Release|Any CPU
		{78D853B9-A464-4F3D-8004-51DCA0BE8D8C}.Release|iPhoneSimulator.Deploy.0 = Release|Any CPU
		{7B785C76-9643-44B3-B923-E873E717521C}.Ad-Hoc|Any CPU.ActiveCfg = Ad-Hoc|iPhone
		{7B785C76-9643-44B3-B923-E873E717521C}.Ad-Hoc|Any CPU.Build.0 = Ad-Hoc|iPhone
		{7B785C76-9643-44B3-B923-E873E717521C}.Ad-Hoc|Any CPU.Deploy.0 = Ad-Hoc|iPhone
		{7B785C76-9643-44B3-B923-E873E717521C}.Ad-Hoc|iPhone.ActiveCfg = Ad-Hoc|iPhone
		{7B785C76-9643-44B3-B923-E873E717521C}.Ad-Hoc|iPhone.Build.0 = Ad-Hoc|iPhone
		{7B785C76-9643-44B3-B923-E873E717521C}.Ad-Hoc|iPhone.Deploy.0 = Ad-Hoc|iPhone
		{7B785C76-9643-44B3-B923-E873E717521C}.Ad-Hoc|iPhoneSimulator.ActiveCfg = Ad-Hoc|iPhoneSimulator
		{7B785C76-9643-44B3-B923-E873E717521C}.Ad-Hoc|iPhoneSimulator.Build.0 = Ad-Hoc|iPhoneSimulator
		{7B785C76-9643-44B3-B923-E873E717521C}.Ad-Hoc|iPhoneSimulator.Deploy.0 = Ad-Hoc|iPhoneSimulator
		{7B785C76-9643-44B3-B923-E873E717521C}.AppStore|Any CPU.ActiveCfg = AppStore|iPhone
		{7B785C76-9643-44B3-B923-E873E717521C}.AppStore|Any CPU.Build.0 = AppStore|iPhone
		{7B785C76-9643-44B3-B923-E873E717521C}.AppStore|Any CPU.Deploy.0 = AppStore|iPhone
		{7B785C76-9643-44B3-B923-E873E717521C}.AppStore|iPhone.ActiveCfg = AppStore|iPhone
		{7B785C76-9643-44B3-B923-E873E717521C}.AppStore|iPhone.Build.0 = AppStore|iPhone
		{7B785C76-9643-44B3-B923-E873E717521C}.AppStore|iPhone.Deploy.0 = AppStore|iPhone
		{7B785C76-9643-44B3-B923-E873E717521C}.AppStore|iPhoneSimulator.ActiveCfg = AppStore|iPhoneSimulator
		{7B785C76-9643-44B3-B923-E873E717521C}.AppStore|iPhoneSimulator.Build.0 = AppStore|iPhoneSimulator
		{7B785C76-9643-44B3-B923-E873E717521C}.AppStore|iPhoneSimulator.Deploy.0 = AppStore|iPhoneSimulator
		{7B785C76-9643-44B3-B923-E873E717521C}.Debug|Any CPU.ActiveCfg = Debug|iPhoneSimulator
		{7B785C76-9643-44B3-B923-E873E717521C}.Debug|Any CPU.Build.0 = Debug|iPhoneSimulator
		{7B785C76-9643-44B3-B923-E873E717521C}.Debug|Any CPU.Deploy.0 = Debug|iPhoneSimulator
		{7B785C76-9643-44B3-B923-E873E717521C}.Debug|iPhone.ActiveCfg = Debug|iPhone
		{7B785C76-9643-44B3-B923-E873E717521C}.Debug|iPhone.Build.0 = Debug|iPhone
		{7B785C76-9643-44B3-B923-E873E717521C}.Debug|iPhone.Deploy.0 = Debug|iPhone
		{7B785C76-9643-44B3-B923-E873E717521C}.Debug|iPhoneSimulator.ActiveCfg = Debug|iPhoneSimulator
		{7B785C76-9643-44B3-B923-E873E717521C}.Debug|iPhoneSimulator.Build.0 = Debug|iPhoneSimulator
		{7B785C76-9643-44B3-B923-E873E717521C}.Debug|iPhoneSimulator.Deploy.0 = Debug|iPhoneSimulator
		{7B785C76-9643-44B3-B923-E873E717521C}.Release|Any CPU.ActiveCfg = Release|iPhone
		{7B785C76-9643-44B3-B923-E873E717521C}.Release|Any CPU.Build.0 = Release|iPhone
		{7B785C76-9643-44B3-B923-E873E717521C}.Release|Any CPU.Deploy.0 = Release|iPhone
		{7B785C76-9643-44B3-B923-E873E717521C}.Release|iPhone.ActiveCfg = Release|iPhone
		{7B785C76-9643-44B3-B923-E873E717521C}.Release|iPhone.Build.0 = Release|iPhone
		{7B785C76-9643-44B3-B923-E873E717521C}.Release|iPhone.Deploy.0 = Release|iPhone
		{7B785C76-9643-44B3-B923-E873E717521C}.Release|iPhoneSimulator.ActiveCfg = Release|iPhoneSimulator
		{7B785C76-9643-44B3-B923-E873E717521C}.Release|iPhoneSimulator.Build.0 = Release|iPhoneSimulator
		{7B785C76-9643-44B3-B923-E873E717521C}.Release|iPhoneSimulator.Deploy.0 = Release|iPhoneSimulator
		{1691A435-F8C1-4B7E-B9E2-3D5D96B6B56C}.Ad-Hoc|Any CPU.ActiveCfg = Debug|Any CPU
		{1691A435-F8C1-4B7E-B9E2-3D5D96B6B56C}.Ad-Hoc|Any CPU.Build.0 = Debug|Any CPU
		{1691A435-F8C1-4B7E-B9E2-3D5D96B6B56C}.Ad-Hoc|Any CPU.Deploy.0 = Debug|Any CPU
		{1691A435-F8C1-4B7E-B9E2-3D5D96B6B56C}.Ad-Hoc|iPhone.ActiveCfg = Debug|Any CPU
		{1691A435-F8C1-4B7E-B9E2-3D5D96B6B56C}.Ad-Hoc|iPhone.Build.0 = Debug|Any CPU
		{1691A435-F8C1-4B7E-B9E2-3D5D96B6B56C}.Ad-Hoc|iPhone.Deploy.0 = Debug|Any CPU
		{1691A435-F8C1-4B7E-B9E2-3D5D96B6B56C}.Ad-Hoc|iPhoneSimulator.ActiveCfg = Debug|Any CPU
		{1691A435-F8C1-4B7E-B9E2-3D5D96B6B56C}.Ad-Hoc|iPhoneSimulator.Build.0 = Debug|Any CPU
		{1691A435-F8C1-4B7E-B9E2-3D5D96B6B56C}.Ad-Hoc|iPhoneSimulator.Deploy.0 = Debug|Any CPU
		{1691A435-F8C1-4B7E-B9E2-3D5D96B6B56C}.AppStore|Any CPU.ActiveCfg = Debug|Any CPU
		{1691A435-F8C1-4B7E-B9E2-3D5D96B6B56C}.AppStore|Any CPU.Build.0 = Debug|Any CPU
		{1691A435-F8C1-4B7E-B9E2-3D5D96B6B56C}.AppStore|Any CPU.Deploy.0 = Debug|Any CPU
		{1691A435-F8C1-4B7E-B9E2-3D5D96B6B56C}.AppStore|iPhone.ActiveCfg = Debug|Any CPU
		{1691A435-F8C1-4B7E-B9E2-3D5D96B6B56C}.AppStore|iPhone.Build.0 = Debug|Any CPU
		{1691A435-F8C1-4B7E-B9E2-3D5D96B6B56C}.AppStore|iPhone.Deploy.0 = Debug|Any CPU
		{1691A435-F8C1-4B7E-B9E2-3D5D96B6B56C}.AppStore|iPhoneSimulator.ActiveCfg = Debug|Any CPU
		{1691A435-F8C1-4B7E-B9E2-3D5D96B6B56C}.AppStore|iPhoneSimulator.Build.0 = Debug|Any CPU
		{1691A435-F8C1-4B7E-B9E2-3D5D96B6B56C}.AppStore|iPhoneSimulator.Deploy.0 = Debug|Any CPU
		{1691A435-F8C1-4B7E-B9E2-3D5D96B6B56C}.Debug|Any CPU.ActiveCfg = Debug|Any CPU
		{1691A435-F8C1-4B7E-B9E2-3D5D96B6B56C}.Debug|Any CPU.Build.0 = Debug|Any CPU
		{1691A435-F8C1-4B7E-B9E2-3D5D96B6B56C}.Debug|Any CPU.Deploy.0 = Debug|Any CPU
		{1691A435-F8C1-4B7E-B9E2-3D5D96B6B56C}.Debug|iPhone.ActiveCfg = Debug|Any CPU
		{1691A435-F8C1-4B7E-B9E2-3D5D96B6B56C}.Debug|iPhone.Build.0 = Debug|Any CPU
		{1691A435-F8C1-4B7E-B9E2-3D5D96B6B56C}.Debug|iPhone.Deploy.0 = Debug|Any CPU
		{1691A435-F8C1-4B7E-B9E2-3D5D96B6B56C}.Debug|iPhoneSimulator.ActiveCfg = Debug|Any CPU
		{1691A435-F8C1-4B7E-B9E2-3D5D96B6B56C}.Debug|iPhoneSimulator.Build.0 = Debug|Any CPU
		{1691A435-F8C1-4B7E-B9E2-3D5D96B6B56C}.Debug|iPhoneSimulator.Deploy.0 = Debug|Any CPU
		{1691A435-F8C1-4B7E-B9E2-3D5D96B6B56C}.Release|Any CPU.ActiveCfg = Release|Any CPU
		{1691A435-F8C1-4B7E-B9E2-3D5D96B6B56C}.Release|Any CPU.Build.0 = Release|Any CPU
		{1691A435-F8C1-4B7E-B9E2-3D5D96B6B56C}.Release|Any CPU.Deploy.0 = Release|Any CPU
		{1691A435-F8C1-4B7E-B9E2-3D5D96B6B56C}.Release|iPhone.ActiveCfg = Release|Any CPU
		{1691A435-F8C1-4B7E-B9E2-3D5D96B6B56C}.Release|iPhone.Build.0 = Release|Any CPU
		{1691A435-F8C1-4B7E-B9E2-3D5D96B6B56C}.Release|iPhone.Deploy.0 = Release|Any CPU
		{1691A435-F8C1-4B7E-B9E2-3D5D96B6B56C}.Release|iPhoneSimulator.ActiveCfg = Release|Any CPU
		{1691A435-F8C1-4B7E-B9E2-3D5D96B6B56C}.Release|iPhoneSimulator.Build.0 = Release|Any CPU
		{1691A435-F8C1-4B7E-B9E2-3D5D96B6B56C}.Release|iPhoneSimulator.Deploy.0 = Release|Any CPU
	EndGlobalSection
	GlobalSection(SolutionProperties) = preSolution
		HideSolutionNode = FALSE
	EndGlobalSection
	GlobalSection(ExtensibilityGlobals) = postSolution
		SolutionGuid = {A650ADD3-3888-4461-B0E5-4E06DBB634B6}
	EndGlobalSection
EndGlobal
