
Microsoft Visual Studio Solution File, Format Version 12.00
# Visual Studio 15
VisualStudioVersion = 15.0.27703.2000
MinimumVisualStudioVersion = 10.0.40219.1
Project("{FAE04EC0-301F-11D3-BF4B-00C04F79EFBC}") = "ResistorValues.Android", "ResistorValues\ResistorValues.Android\ResistorValues.Android.csproj", "{AB18196B-02C6-4930-8EA8-F70E0A07FA14}"
EndProject
Project("{FAE04EC0-301F-11D3-BF4B-00C04F79EFBC}") = "ResistorValues.iOS", "ResistorValues\ResistorValues.iOS\ResistorValues.iOS.csproj", "{CCC23A70-618C-4A25-95B4-38A7EE14001A}"
EndProject
Project("{FAE04EC0-301F-11D3-BF4B-00C04F79EFBC}") = "ResistorValues", "ResistorValues\ResistorValues\ResistorValues.csproj", "{1C1005B5-61CD-4DD7-9B5A-DEE22628CDAB}"
EndProject
Global
	GlobalSection(SolutionConfigurationPlatforms) = preSolution
		Ad-Hoc|Any CPU = Ad-Hoc|Any CPU
		Ad-Hoc|iPhone = Ad-Hoc|iPhone
		Ad-Hoc|iPhoneSimulator = Ad-Hoc|iPhoneSimulator
		AppStore|Any CPU = AppStore|Any CPU
		AppStore|iPhone = AppStore|iPhone
		AppStore|iPhoneSimulator = AppStore|iPhoneSimulator
		Debug|Any CPU = Debug|Any CPU
		Debug|iPhone = Debug|iPhone
		Debug|iPhoneSimulator = Debug|iPhoneSimulator
		Release|Any CPU = Release|Any CPU
		Release|iPhone = Release|iPhone
		Release|iPhoneSimulator = Release|iPhoneSimulator
	EndGlobalSection
	GlobalSection(ProjectConfigurationPlatforms) = postSolution
		{AB18196B-02C6-4930-8EA8-F70E0A07FA14}.Ad-Hoc|Any CPU.ActiveCfg = Release|Any CPU
		{AB18196B-02C6-4930-8EA8-F70E0A07FA14}.Ad-Hoc|Any CPU.Build.0 = Release|Any CPU
		{AB18196B-02C6-4930-8EA8-F70E0A07FA14}.Ad-Hoc|Any CPU.Deploy.0 = Release|Any CPU
		{AB18196B-02C6-4930-8EA8-F70E0A07FA14}.Ad-Hoc|iPhone.ActiveCfg = Release|Any CPU
		{AB18196B-02C6-4930-8EA8-F70E0A07FA14}.Ad-Hoc|iPhone.Build.0 = Release|Any CPU
		{AB18196B-02C6-4930-8EA8-F70E0A07FA14}.Ad-Hoc|iPhone.Deploy.0 = Release|Any CPU
		{AB18196B-02C6-4930-8EA8-F70E0A07FA14}.Ad-Hoc|iPhoneSimulator.ActiveCfg = Release|Any CPU
		{AB18196B-02C6-4930-8EA8-F70E0A07FA14}.Ad-Hoc|iPhoneSimulator.Build.0 = Release|Any CPU
		{AB18196B-02C6-4930-8EA8-F70E0A07FA14}.Ad-Hoc|iPhoneSimulator.Deploy.0 = Release|Any CPU
		{AB18196B-02C6-4930-8EA8-F70E0A07FA14}.AppStore|Any CPU.ActiveCfg = Release|Any CPU
		{AB18196B-02C6-4930-8EA8-F70E0A07FA14}.AppStore|Any CPU.Build.0 = Release|Any CPU
		{AB18196B-02C6-4930-8EA8-F70E0A07FA14}.AppStore|Any CPU.Deploy.0 = Release|Any CPU
		{AB18196B-02C6-4930-8EA8-F70E0A07FA14}.AppStore|iPhone.ActiveCfg = Release|Any CPU
		{AB18196B-02C6-4930-8EA8-F70E0A07FA14}.AppStore|iPhone.Build.0 = Release|Any CPU
		{AB18196B-02C6-4930-8EA8-F70E0A07FA14}.AppStore|iPhone.Deploy.0 = Release|Any CPU
		{AB18196B-02C6-4930-8EA8-F70E0A07FA14}.AppStore|iPhoneSimulator.ActiveCfg = Release|Any CPU
		{AB18196B-02C6-4930-8EA8-F70E0A07FA14}.AppStore|iPhoneSimulator.Build.0 = Release|Any CPU
		{AB18196B-02C6-4930-8EA8-F70E0A07FA14}.AppStore|iPhoneSimulator.Deploy.0 = Release|Any CPU
		{AB18196B-02C6-4930-8EA8-F70E0A07FA14}.Debug|Any CPU.ActiveCfg = Debug|Any CPU
		{AB18196B-02C6-4930-8EA8-F70E0A07FA14}.Debug|Any CPU.Build.0 = Debug|Any CPU
		{AB18196B-02C6-4930-8EA8-F70E0A07FA14}.Debug|Any CPU.Deploy.0 = Debug|Any CPU
		{AB18196B-02C6-4930-8EA8-F70E0A07FA14}.Debug|iPhone.ActiveCfg = Debug|Any CPU
		{AB18196B-02C6-4930-8EA8-F70E0A07FA14}.Debug|iPhone.Build.0 = Debug|Any CPU
		{AB18196B-02C6-4930-8EA8-F70E0A07FA14}.Debug|iPhone.Deploy.0 = Debug|Any CPU
		{AB18196B-02C6-4930-8EA8-F70E0A07FA14}.Debug|iPhoneSimulator.ActiveCfg = Debug|Any CPU
		{AB18196B-02C6-4930-8EA8-F70E0A07FA14}.Debug|iPhoneSimulator.Build.0 = Debug|Any CPU
		{AB18196B-02C6-4930-8EA8-F70E0A07FA14}.Debug|iPhoneSimulator.Deploy.0 = Debug|Any CPU
		{AB18196B-02C6-4930-8EA8-F70E0A07FA14}.Release|Any CPU.ActiveCfg = Release|Any CPU
		{AB18196B-02C6-4930-8EA8-F70E0A07FA14}.Release|Any CPU.Build.0 = Release|Any CPU
		{AB18196B-02C6-4930-8EA8-F70E0A07FA14}.Release|Any CPU.Deploy.0 = Release|Any CPU
		{AB18196B-02C6-4930-8EA8-F70E0A07FA14}.Release|iPhone.ActiveCfg = Release|Any CPU
		{AB18196B-02C6-4930-8EA8-F70E0A07FA14}.Release|iPhone.Build.0 = Release|Any CPU
		{AB18196B-02C6-4930-8EA8-F70E0A07FA14}.Release|iPhone.Deploy.0 = Release|Any CPU
		{AB18196B-02C6-4930-8EA8-F70E0A07FA14}.Release|iPhoneSimulator.ActiveCfg = Release|Any CPU
		{AB18196B-02C6-4930-8EA8-F70E0A07FA14}.Release|iPhoneSimulator.Build.0 = Release|Any CPU
		{AB18196B-02C6-4930-8EA8-F70E0A07FA14}.Release|iPhoneSimulator.Deploy.0 = Release|Any CPU
		{CCC23A70-618C-4A25-95B4-38A7EE14001A}.Ad-Hoc|Any CPU.ActiveCfg = Ad-Hoc|iPhone
		{CCC23A70-618C-4A25-95B4-38A7EE14001A}.Ad-Hoc|Any CPU.Build.0 = Ad-Hoc|iPhone
		{CCC23A70-618C-4A25-95B4-38A7EE14001A}.Ad-Hoc|Any CPU.Deploy.0 = Ad-Hoc|iPhone
		{CCC23A70-618C-4A25-95B4-38A7EE14001A}.Ad-Hoc|iPhone.ActiveCfg = Ad-Hoc|iPhone
		{CCC23A70-618C-4A25-95B4-38A7EE14001A}.Ad-Hoc|iPhone.Build.0 = Ad-Hoc|iPhone
		{CCC23A70-618C-4A25-95B4-38A7EE14001A}.Ad-Hoc|iPhone.Deploy.0 = Ad-Hoc|iPhone
		{CCC23A70-618C-4A25-95B4-38A7EE14001A}.Ad-Hoc|iPhoneSimulator.ActiveCfg = Ad-Hoc|iPhoneSimulator
		{CCC23A70-618C-4A25-95B4-38A7EE14001A}.Ad-Hoc|iPhoneSimulator.Build.0 = Ad-Hoc|iPhoneSimulator
		{CCC23A70-618C-4A25-95B4-38A7EE14001A}.Ad-Hoc|iPhoneSimulator.Deploy.0 = Ad-Hoc|iPhoneSimulator
		{CCC23A70-618C-4A25-95B4-38A7EE14001A}.AppStore|Any CPU.ActiveCfg = AppStore|iPhone
		{CCC23A70-618C-4A25-95B4-38A7EE14001A}.AppStore|Any CPU.Build.0 = AppStore|iPhone
		{CCC23A70-618C-4A25-95B4-38A7EE14001A}.AppStore|Any CPU.Deploy.0 = AppStore|iPhone
		{CCC23A70-618C-4A25-95B4-38A7EE14001A}.AppStore|iPhone.ActiveCfg = AppStore|iPhone
		{CCC23A70-618C-4A25-95B4-38A7EE14001A}.AppStore|iPhone.Build.0 = AppStore|iPhone
		{CCC23A70-618C-4A25-95B4-38A7EE14001A}.AppStore|iPhone.Deploy.0 = AppStore|iPhone
		{CCC23A70-618C-4A25-95B4-38A7EE14001A}.AppStore|iPhoneSimulator.ActiveCfg = AppStore|iPhoneSimulator
		{CCC23A70-618C-4A25-95B4-38A7EE14001A}.AppStore|iPhoneSimulator.Build.0 = AppStore|iPhoneSimulator
		{CCC23A70-618C-4A25-95B4-38A7EE14001A}.AppStore|iPhoneSimulator.Deploy.0 = AppStore|iPhoneSimulator
		{CCC23A70-618C-4A25-95B4-38A7EE14001A}.Debug|Any CPU.ActiveCfg = Debug|iPhoneSimulator
		{CCC23A70-618C-4A25-95B4-38A7EE14001A}.Debug|Any CPU.Build.0 = Debug|iPhoneSimulator
		{CCC23A70-618C-4A25-95B4-38A7EE14001A}.Debug|Any CPU.Deploy.0 = Debug|iPhoneSimulator
		{CCC23A70-618C-4A25-95B4-38A7EE14001A}.Debug|iPhone.ActiveCfg = Debug|iPhone
		{CCC23A70-618C-4A25-95B4-38A7EE14001A}.Debug|iPhone.Build.0 = Debug|iPhone
		{CCC23A70-618C-4A25-95B4-38A7EE14001A}.Debug|iPhone.Deploy.0 = Debug|iPhone
		{CCC23A70-618C-4A25-95B4-38A7EE14001A}.Debug|iPhoneSimulator.ActiveCfg = Debug|iPhoneSimulator
		{CCC23A70-618C-4A25-95B4-38A7EE14001A}.Debug|iPhoneSimulator.Build.0 = Debug|iPhoneSimulator
		{CCC23A70-618C-4A25-95B4-38A7EE14001A}.Debug|iPhoneSimulator.Deploy.0 = Debug|iPhoneSimulator
		{CCC23A70-618C-4A25-95B4-38A7EE14001A}.Release|Any CPU.ActiveCfg = Release|iPhone
		{CCC23A70-618C-4A25-95B4-38A7EE14001A}.Release|Any CPU.Build.0 = Release|iPhone
		{CCC23A70-618C-4A25-95B4-38A7EE14001A}.Release|Any CPU.Deploy.0 = Release|iPhone
		{CCC23A70-618C-4A25-95B4-38A7EE14001A}.Release|iPhone.ActiveCfg = Release|iPhone
		{CCC23A70-618C-4A25-95B4-38A7EE14001A}.Release|iPhone.Build.0 = Release|iPhone
		{CCC23A70-618C-4A25-95B4-38A7EE14001A}.Release|iPhone.Deploy.0 = Release|iPhone
		{CCC23A70-618C-4A25-95B4-38A7EE14001A}.Release|iPhoneSimulator.ActiveCfg = Release|iPhoneSimulator
		{CCC23A70-618C-4A25-95B4-38A7EE14001A}.Release|iPhoneSimulator.Build.0 = Release|iPhoneSimulator
		{CCC23A70-618C-4A25-95B4-38A7EE14001A}.Release|iPhoneSimulator.Deploy.0 = Release|iPhoneSimulator
		{1C1005B5-61CD-4DD7-9B5A-DEE22628CDAB}.Ad-Hoc|Any CPU.ActiveCfg = Debug|Any CPU
		{1C1005B5-61CD-4DD7-9B5A-DEE22628CDAB}.Ad-Hoc|Any CPU.Build.0 = Debug|Any CPU
		{1C1005B5-61CD-4DD7-9B5A-DEE22628CDAB}.Ad-Hoc|Any CPU.Deploy.0 = Debug|Any CPU
		{1C1005B5-61CD-4DD7-9B5A-DEE22628CDAB}.Ad-Hoc|iPhone.ActiveCfg = Debug|Any CPU
		{1C1005B5-61CD-4DD7-9B5A-DEE22628CDAB}.Ad-Hoc|iPhone.Build.0 = Debug|Any CPU
		{1C1005B5-61CD-4DD7-9B5A-DEE22628CDAB}.Ad-Hoc|iPhone.Deploy.0 = Debug|Any CPU
		{1C1005B5-61CD-4DD7-9B5A-DEE22628CDAB}.Ad-Hoc|iPhoneSimulator.ActiveCfg = Debug|Any CPU
		{1C1005B5-61CD-4DD7-9B5A-DEE22628CDAB}.Ad-Hoc|iPhoneSimulator.Build.0 = Debug|Any CPU
		{1C1005B5-61CD-4DD7-9B5A-DEE22628CDAB}.Ad-Hoc|iPhoneSimulator.Deploy.0 = Debug|Any CPU
		{1C1005B5-61CD-4DD7-9B5A-DEE22628CDAB}.AppStore|Any CPU.ActiveCfg = Debug|Any CPU
		{1C1005B5-61CD-4DD7-9B5A-DEE22628CDAB}.AppStore|Any CPU.Build.0 = Debug|Any CPU
		{1C1005B5-61CD-4DD7-9B5A-DEE22628CDAB}.AppStore|Any CPU.Deploy.0 = Debug|Any CPU
		{1C1005B5-61CD-4DD7-9B5A-DEE22628CDAB}.AppStore|iPhone.ActiveCfg = Debug|Any CPU
		{1C1005B5-61CD-4DD7-9B5A-DEE22628CDAB}.AppStore|iPhone.Build.0 = Debug|Any CPU
		{1C1005B5-61CD-4DD7-9B5A-DEE22628CDAB}.AppStore|iPhone.Deploy.0 = Debug|Any CPU
		{1C1005B5-61CD-4DD7-9B5A-DEE22628CDAB}.AppStore|iPhoneSimulator.ActiveCfg = Debug|Any CPU
		{1C1005B5-61CD-4DD7-9B5A-DEE22628CDAB}.AppStore|iPhoneSimulator.Build.0 = Debug|Any CPU
		{1C1005B5-61CD-4DD7-9B5A-DEE22628CDAB}.AppStore|iPhoneSimulator.Deploy.0 = Debug|Any CPU
		{1C1005B5-61CD-4DD7-9B5A-DEE22628CDAB}.Debug|Any CPU.ActiveCfg = Debug|Any CPU
		{1C1005B5-61CD-4DD7-9B5A-DEE22628CDAB}.Debug|Any CPU.Build.0 = Debug|Any CPU
		{1C1005B5-61CD-4DD7-9B5A-DEE22628CDAB}.Debug|Any CPU.Deploy.0 = Debug|Any CPU
		{1C1005B5-61CD-4DD7-9B5A-DEE22628CDAB}.Debug|iPhone.ActiveCfg = Debug|Any CPU
		{1C1005B5-61CD-4DD7-9B5A-DEE22628CDAB}.Debug|iPhone.Build.0 = Debug|Any CPU
		{1C1005B5-61CD-4DD7-9B5A-DEE22628CDAB}.Debug|iPhone.Deploy.0 = Debug|Any CPU
		{1C1005B5-61CD-4DD7-9B5A-DEE22628CDAB}.Debug|iPhoneSimulator.ActiveCfg = Debug|Any CPU
		{1C1005B5-61CD-4DD7-9B5A-DEE22628CDAB}.Debug|iPhoneSimulator.Build.0 = Debug|Any CPU
		{1C1005B5-61CD-4DD7-9B5A-DEE22628CDAB}.Debug|iPhoneSimulator.Deploy.0 = Debug|Any CPU
		{1C1005B5-61CD-4DD7-9B5A-DEE22628CDAB}.Release|Any CPU.ActiveCfg = Release|Any CPU
		{1C1005B5-61CD-4DD7-9B5A-DEE22628CDAB}.Release|Any CPU.Build.0 = Release|Any CPU
		{1C1005B5-61CD-4DD7-9B5A-DEE22628CDAB}.Release|Any CPU.Deploy.0 = Release|Any CPU
		{1C1005B5-61CD-4DD7-9B5A-DEE22628CDAB}.Release|iPhone.ActiveCfg = Release|Any CPU
		{1C1005B5-61CD-4DD7-9B5A-DEE22628CDAB}.Release|iPhone.Build.0 = Release|Any CPU
		{1C1005B5-61CD-4DD7-9B5A-DEE22628CDAB}.Release|iPhone.Deploy.0 = Release|Any CPU
		{1C1005B5-61CD-4DD7-9B5A-DEE22628CDAB}.Release|iPhoneSimulator.ActiveCfg = Release|Any CPU
		{1C1005B5-61CD-4DD7-9B5A-DEE22628CDAB}.Release|iPhoneSimulator.Build.0 = Release|Any CPU
		{1C1005B5-61CD-4DD7-9B5A-DEE22628CDAB}.Release|iPhoneSimulator.Deploy.0 = Release|Any CPU
	EndGlobalSection
	GlobalSection(SolutionProperties) = preSolution
		HideSolutionNode = FALSE
	EndGlobalSection
	GlobalSection(ExtensibilityGlobals) = postSolution
		SolutionGuid = {1994C714-EB77-41A9-A41C-DC294F5CF830}
	EndGlobalSection
EndGlobal
